
Microsoft Visual Studio Solution File, Format Version 12.00
# Visual Studio Version 16
VisualStudioVersion = 16.0.29025.244
MinimumVisualStudioVersion = 10.0.40219.1
Project("{FAE04EC0-301F-11D3-BF4B-00C04F79EFBC}") = "FileSystemManager", "FileSystemManager\FileSystemManager.csproj", "{CE987DF3-F3D3-47CF-A98D-5146FA4C8B41}"
EndProject
Global
	GlobalSection(SolutionConfigurationPlatforms) = preSolution
		Debug|Any CPU = Debug|Any CPU
		Release|Any CPU = Release|Any CPU
	EndGlobalSection
	GlobalSection(ProjectConfigurationPlatforms) = postSolution
		{CE987DF3-F3D3-47CF-A98D-5146FA4C8B41}.Debug|Any CPU.ActiveCfg = Debug|Any CPU
		{CE987DF3-F3D3-47CF-A98D-5146FA4C8B41}.Debug|Any CPU.Build.0 = Debug|Any CPU
		{CE987DF3-F3D3-47CF-A98D-5146FA4C8B41}.Release|Any CPU.ActiveCfg = Release|Any CPU
		{CE987DF3-F3D3-47CF-A98D-5146FA4C8B41}.Release|Any CPU.Build.0 = Release|Any CPU
	EndGlobalSection
	GlobalSection(SolutionProperties) = preSolution
		HideSolutionNode = FALSE
	EndGlobalSection
	GlobalSection(ExtensibilityGlobals) = postSolution
		SolutionGuid = {FBFEA7F5-5FC5-46AE-A010-FF6AF13412E3}
	EndGlobalSection
EndGlobal
